
Microsoft Visual Studio Solution File, Format Version 12.00
# Visual Studio Version 17
VisualStudioVersion = 17.7.34202.233
MinimumVisualStudioVersion = 10.0.40219.1
Project("{FAE04EC0-301F-11D3-BF4B-00C04F79EFBC}") = "SevgiOkulumuz", "SevgiOkulumuz\SevgiOkulumuz.csproj", "{09E7A835-8C12-44DB-9593-85E8422C79DD}"
EndProject
Global
	GlobalSection(SolutionConfigurationPlatforms) = preSolution
		Debug|Any CPU = Debug|Any CPU
		Release|Any CPU = Release|Any CPU
	EndGlobalSection
	GlobalSection(ProjectConfigurationPlatforms) = postSolution
		{09E7A835-8C12-44DB-9593-85E8422C79DD}.Debug|Any CPU.ActiveCfg = Debug|Any CPU
		{09E7A835-8C12-44DB-9593-85E8422C79DD}.Debug|Any CPU.Build.0 = Debug|Any CPU
		{09E7A835-8C12-44DB-9593-85E8422C79DD}.Release|Any CPU.ActiveCfg = Release|Any CPU
		{09E7A835-8C12-44DB-9593-85E8422C79DD}.Release|Any CPU.Build.0 = Release|Any CPU
	EndGlobalSection
	GlobalSection(SolutionProperties) = preSolution
		HideSolutionNode = FALSE
	EndGlobalSection
	GlobalSection(ExtensibilityGlobals) = postSolution
		SolutionGuid = {C781195D-B8A0-46C5-A90D-11A1CEB376DB}
	EndGlobalSection
EndGlobal
